
Microsoft Visual Studio Solution File, Format Version 12.00
# Visual Studio 2013
VisualStudioVersion = 12.0.31101.0
MinimumVisualStudioVersion = 10.0.40219.1
Project("{FAE04EC0-301F-11D3-BF4B-00C04F79EFBC}") = "RxStatistics", "RxStatistics\RxStatistics.csproj", "{D529FAF8-6596-49FE-AA35-40AFFD0CFC0B}"
EndProject
Project("{FAE04EC0-301F-11D3-BF4B-00C04F79EFBC}") = "RxStatistics.WPF", "RxStatistics.WPF\RxStatistics.WPF.csproj", "{FB2ADFB7-07E1-48C3-AC72-D70AD9CFD240}"
EndProject
Global
	GlobalSection(SolutionConfigurationPlatforms) = preSolution
		Debug|Any CPU = Debug|Any CPU
		Release|Any CPU = Release|Any CPU
	EndGlobalSection
	GlobalSection(ProjectConfigurationPlatforms) = postSolution
		{D529FAF8-6596-49FE-AA35-40AFFD0CFC0B}.Debug|Any CPU.ActiveCfg = Debug|Any CPU
		{D529FAF8-6596-49FE-AA35-40AFFD0CFC0B}.Debug|Any CPU.Build.0 = Debug|Any CPU
		{D529FAF8-6596-49FE-AA35-40AFFD0CFC0B}.Release|Any CPU.ActiveCfg = Release|Any CPU
		{D529FAF8-6596-49FE-AA35-40AFFD0CFC0B}.Release|Any CPU.Build.0 = Release|Any CPU
		{FB2ADFB7-07E1-48C3-AC72-D70AD9CFD240}.Debug|Any CPU.ActiveCfg = Debug|Any CPU
		{FB2ADFB7-07E1-48C3-AC72-D70AD9CFD240}.Debug|Any CPU.Build.0 = Debug|Any CPU
		{FB2ADFB7-07E1-48C3-AC72-D70AD9CFD240}.Release|Any CPU.ActiveCfg = Release|Any CPU
		{FB2ADFB7-07E1-48C3-AC72-D70AD9CFD240}.Release|Any CPU.Build.0 = Release|Any CPU
	EndGlobalSection
	GlobalSection(SolutionProperties) = preSolution
		HideSolutionNode = FALSE
	EndGlobalSection
EndGlobal
